
Microsoft Visual Studio Solution File, Format Version 12.00
# Visual Studio Version 16
VisualStudioVersion = 16.0.30320.27
MinimumVisualStudioVersion = 10.0.40219.1
Project("{FAE04EC0-301F-11D3-BF4B-00C04F79EFBC}") = "agv_simulation", "agv_simulation\agv_simulation.csproj", "{DCCA2C3F-8734-4BE9-A6A8-FBEBD4DE660B}"
EndProject
Global
	GlobalSection(SolutionConfigurationPlatforms) = preSolution
		Debug|Any CPU = Debug|Any CPU
		Release|Any CPU = Release|Any CPU
	EndGlobalSection
	GlobalSection(ProjectConfigurationPlatforms) = postSolution
		{DCCA2C3F-8734-4BE9-A6A8-FBEBD4DE660B}.Debug|Any CPU.ActiveCfg = Debug|Any CPU
		{DCCA2C3F-8734-4BE9-A6A8-FBEBD4DE660B}.Debug|Any CPU.Build.0 = Debug|Any CPU
		{DCCA2C3F-8734-4BE9-A6A8-FBEBD4DE660B}.Release|Any CPU.ActiveCfg = Release|Any CPU
		{DCCA2C3F-8734-4BE9-A6A8-FBEBD4DE660B}.Release|Any CPU.Build.0 = Release|Any CPU
	EndGlobalSection
	GlobalSection(SolutionProperties) = preSolution
		HideSolutionNode = FALSE
	EndGlobalSection
	GlobalSection(ExtensibilityGlobals) = postSolution
		SolutionGuid = {75D48153-72B2-45FB-8152-843219A00ABB}
	EndGlobalSection
EndGlobal
